// !$*UTF8*$!
{
	archiveVersion = 1;
	classes = {
	};
	objectVersion = 50;
	objects = {

/* Begin PBXBuildFile section */
		13BCEABC21624DF000AD1AB0 /* AppDelegate.swift in Sources */ = {isa = PBXBuildFile; fileRef = 13BCEABB21624DF000AD1AB0 /* AppDelegate.swift */; };
		13BCEABE21624DF000AD1AB0 /* ViewController.swift in Sources */ = {isa = PBXBuildFile; fileRef = 13BCEABD21624DF000AD1AB0 /* ViewController.swift */; };
		13BCEAC121624DF000AD1AB0 /* Main.storyboard in Resources */ = {isa = PBXBuildFile; fileRef = 13BCEABF21624DF000AD1AB0 /* Main.storyboard */; };
		13BCEAC321624DF100AD1AB0 /* Assets.xcassets in Resources */ = {isa = PBXBuildFile; fileRef = 13BCEAC221624DF100AD1AB0 /* Assets.xcassets */; };
		13BCEAC621624DF100AD1AB0 /* LaunchScreen.storyboard in Resources */ = {isa = PBXBuildFile; fileRef = 13BCEAC421624DF100AD1AB0 /* LaunchScreen.storyboard */; };
		13BCEAD121624DF100AD1AB0 /* xcodeproj03Tests.swift in Sources */ = {isa = PBXBuildFile; fileRef = 13BCEAD021624DF100AD1AB0 /* xcodeproj03Tests.swift */; };
		13BCEADC21624DF100AD1AB0 /* xcodeproj03UITests.swift in Sources */ = {isa = PBXBuildFile; fileRef = 13BCEADB21624DF100AD1AB0 /* xcodeproj03UITests.swift */; };
/* End PBXBuildFile section */

/* Begin PBXContainerItemProxy section */
		13BCEACD21624DF100AD1AB0 /* PBXContainerItemProxy */ = {
			isa = PBXContainerItemProxy;
			containerPortal = 13BCEAB021624DF000AD1AB0 /* Project object */;
			proxyType = 1;
			remoteGlobalIDString = 13BCEAB721624DF000AD1AB0;
			remoteInfo = xcodeproj03;
		};
		13BCEAD821624DF100AD1AB0 /* PBXContainerItemProxy */ = {
			isa = PBXContainerItemProxy;
			containerPortal = 13BCEAB021624DF000AD1AB0 /* Project object */;
			proxyType = 1;
			remoteGlobalIDString = 13BCEAB721624DF000AD1AB0;
			remoteInfo = xcodeproj03;
		};
/* End PBXContainerItemProxy section */

/* Begin PBXFileReference section */
		13BCEAB821624DF000AD1AB0 /* xcodeproj03.app */ = {isa = PBXFileReference; explicitFileType = wrapper.application; includeInIndex = 0; path = xcodeproj03.app; sourceTree = BUILT_PRODUCTS_DIR; };
		13BCEABB21624DF000AD1AB0 /* AppDelegate.swift */ = {isa = PBXFileReference; lastKnownFileType = sourcecode.swift; path = AppDelegate.swift; sourceTree = "<group>"; };
		13BCEABD21624DF000AD1AB0 /* ViewController.swift */ = {isa = PBXFileReference; lastKnownFileType = sourcecode.swift; path = ViewController.swift; sourceTree = "<group>"; };
		13BCEAC021624DF000AD1AB0 /* Base */ = {isa = PBXFileReference; lastKnownFileType = file.storyboard; name = Base; path = Base.lproj/Main.storyboard; sourceTree = "<group>"; };
		13BCEAC221624DF100AD1AB0 /* Assets.xcassets */ = {isa = PBXFileReference; lastKnownFileType = folder.assetcatalog; path = Assets.xcassets; sourceTree = "<group>"; };
		13BCEAC521624DF100AD1AB0 /* Base */ = {isa = PBXFileReference; lastKnownFileType = file.storyboard; name = Base; path = Base.lproj/LaunchScreen.storyboard; sourceTree = "<group>"; };
		13BCEAC721624DF100AD1AB0 /* Info.plist */ = {isa = PBXFileReference; lastKnownFileType = text.plist.xml; path = Info.plist; sourceTree = "<group>"; };
		13BCEACC21624DF100AD1AB0 /* xcodeproj03Tests.xctest */ = {isa = PBXFileReference; explicitFileType = wrapper.cfbundle; includeInIndex = 0; path = xcodeproj03Tests.xctest; sourceTree = BUILT_PRODUCTS_DIR; };
		13BCEAD021624DF100AD1AB0 /* xcodeproj03Tests.swift */ = {isa = PBXFileReference; lastKnownFileType = sourcecode.swift; path = xcodeproj03Tests.swift; sourceTree = "<group>"; };
		13BCEAD221624DF100AD1AB0 /* Info.plist */ = {isa = PBXFileReference; lastKnownFileType = text.plist.xml; path = Info.plist; sourceTree = "<group>"; };
		13BCEAD721624DF100AD1AB0 /* xcodeproj03UITests.xctest */ = {isa = PBXFileReference; explicitFileType = wrapper.cfbundle; includeInIndex = 0; path = xcodeproj03UITests.xctest; sourceTree = BUILT_PRODUCTS_DIR; };
		13BCEADB21624DF100AD1AB0 /* xcodeproj03UITests.swift */ = {isa = PBXFileReference; lastKnownFileType = sourcecode.swift; path = xcodeproj03UITests.swift; sourceTree = "<group>"; };
		13BCEADD21624DF100AD1AB0 /* Info.plist */ = {isa = PBXFileReference; lastKnownFileType = text.plist.xml; path = Info.plist; sourceTree = "<group>"; };
/* End PBXFileReference section */

/* Begin PBXFrameworksBuildPhase section */
		13BCEAB521624DF000AD1AB0 /* Frameworks */ = {
			isa = PBXFrameworksBuildPhase;
			buildActionMask = 2147483647;
			files = (
			);
			runOnlyForDeploymentPostprocessing = 0;
		};
		13BCEAC921624DF100AD1AB0 /* Frameworks */ = {
			isa = PBXFrameworksBuildPhase;
			buildActionMask = 2147483647;
			files = (
			);
			runOnlyForDeploymentPostprocessing = 0;
		};
		13BCEAD421624DF100AD1AB0 /* Frameworks */ = {
			isa = PBXFrameworksBuildPhase;
			buildActionMask = 2147483647;
			files = (
			);
			runOnlyForDeploymentPostprocessing = 0;
		};
/* End PBXFrameworksBuildPhase section */

/* Begin PBXGroup section */
		13BCEAAF21624DF000AD1AB0 = {
			isa = PBXGroup;
			children = (
				13BCEABA21624DF000AD1AB0 /* xcodeproj03 */,
				13BCEACF21624DF100AD1AB0 /* xcodeproj03Tests */,
				13BCEADA21624DF100AD1AB0 /* xcodeproj03UITests */,
				13BCEAB921624DF000AD1AB0 /* Products */,
			);
			sourceTree = "<group>";
		};
		13BCEAB921624DF000AD1AB0 /* Products */ = {
			isa = PBXGroup;
			children = (
				13BCEAB821624DF000AD1AB0 /* xcodeproj03.app */,
				13BCEACC21624DF100AD1AB0 /* xcodeproj03Tests.xctest */,
				13BCEAD721624DF100AD1AB0 /* xcodeproj03UITests.xctest */,
			);
			name = Products;
			sourceTree = "<group>";
		};
		13BCEABA21624DF000AD1AB0 /* xcodeproj03 */ = {
			isa = PBXGroup;
			children = (
				13BCEABB21624DF000AD1AB0 /* AppDelegate.swift */,
				13BCEABD21624DF000AD1AB0 /* ViewController.swift */,
				13BCEABF21624DF000AD1AB0 /* Main.storyboard */,
				13BCEAC221624DF100AD1AB0 /* Assets.xcassets */,
				13BCEAC421624DF100AD1AB0 /* LaunchScreen.storyboard */,
				13BCEAC721624DF100AD1AB0 /* Info.plist */,
			);
			path = xcodeproj03;
			sourceTree = "<group>";
		};
		13BCEACF21624DF100AD1AB0 /* xcodeproj03Tests */ = {
			isa = PBXGroup;
			children = (
				13BCEAD021624DF100AD1AB0 /* xcodeproj03Tests.swift */,
				13BCEAD221624DF100AD1AB0 /* Info.plist */,
			);
			path = xcodeproj03Tests;
			sourceTree = "<group>";
		};
		13BCEADA21624DF100AD1AB0 /* xcodeproj03UITests */ = {
			isa = PBXGroup;
			children = (
				13BCEADB21624DF100AD1AB0 /* xcodeproj03UITests.swift */,
				13BCEADD21624DF100AD1AB0 /* Info.plist */,
			);
			path = xcodeproj03UITests;
			sourceTree = "<group>";
		};
/* End PBXGroup section */

/* Begin PBXNativeTarget section */
		13BCEAB721624DF000AD1AB0 /* xcodeproj03 */ = {
			isa = PBXNativeTarget;
			buildConfigurationList = 13BCEAE021624DF100AD1AB0 /* Build configuration list for PBXNativeTarget "xcodeproj03" */;
			buildPhases = (
				13BCEAB421624DF000AD1AB0 /* Sources */,
				13BCEAB521624DF000AD1AB0 /* Frameworks */,
				13BCEAB621624DF000AD1AB0 /* Resources */,
			);
			buildRules = (
			);
			dependencies = (
			);
			name = xcodeproj03;
			productName = xcodeproj03;
			productReference = 13BCEAB821624DF000AD1AB0 /* xcodeproj03.app */;
			productType = "com.apple.product-type.application";
		};
		13BCEACB21624DF100AD1AB0 /* xcodeproj03Tests */ = {
			isa = PBXNativeTarget;
			buildConfigurationList = 13BCEAE321624DF100AD1AB0 /* Build configuration list for PBXNativeTarget "xcodeproj03Tests" */;
			buildPhases = (
				13BCEAC821624DF100AD1AB0 /* Sources */,
				13BCEAC921624DF100AD1AB0 /* Frameworks */,
				13BCEACA21624DF100AD1AB0 /* Resources */,
			);
			buildRules = (
			);
			dependencies = (
				13BCEACE21624DF100AD1AB0 /* PBXTargetDependency */,
			);
			name = xcodeproj03Tests;
			productName = xcodeproj03Tests;
			productReference = 13BCEACC21624DF100AD1AB0 /* xcodeproj03Tests.xctest */;
			productType = "com.apple.product-type.bundle.unit-test";
		};
		13BCEAD621624DF100AD1AB0 /* xcodeproj03UITests */ = {
			isa = PBXNativeTarget;
			buildConfigurationList = 13BCEAE621624DF100AD1AB0 /* Build configuration list for PBXNativeTarget "xcodeproj03UITests" */;
			buildPhases = (
				13BCEAD321624DF100AD1AB0 /* Sources */,
				13BCEAD421624DF100AD1AB0 /* Frameworks */,
				13BCEAD521624DF100AD1AB0 /* Resources */,
			);
			buildRules = (
			);
			dependencies = (
				13BCEAD921624DF100AD1AB0 /* PBXTargetDependency */,
			);
			name = xcodeproj03UITests;
			productName = xcodeproj03UITests;
			productReference = 13BCEAD721624DF100AD1AB0 /* xcodeproj03UITests.xctest */;
			productType = "com.apple.product-type.bundle.ui-testing";
		};
/* End PBXNativeTarget section */

/* Begin PBXProject section */
		13BCEAB021624DF000AD1AB0 /* Project object */ = {
			isa = PBXProject;
			attributes = {
				LastSwiftUpdateCheck = 0940;
				LastUpgradeCheck = 0940;
				ORGANIZATIONNAME = "Dipuo MAHLAKE";
				TargetAttributes = {
					13BCEAB721624DF000AD1AB0 = {
						CreatedOnToolsVersion = 9.4.1;
					};
					13BCEACB21624DF100AD1AB0 = {
						CreatedOnToolsVersion = 9.4.1;
						TestTargetID = 13BCEAB721624DF000AD1AB0;
					};
					13BCEAD621624DF100AD1AB0 = {
						CreatedOnToolsVersion = 9.4.1;
						TestTargetID = 13BCEAB721624DF000AD1AB0;
					};
				};
			};
			buildConfigurationList = 13BCEAB321624DF000AD1AB0 /* Build configuration list for PBXProject "xcodeproj03" */;
			compatibilityVersion = "Xcode 9.3";
			developmentRegion = en;
			hasScannedForEncodings = 0;
			knownRegions = (
				en,
				Base,
			);
			mainGroup = 13BCEAAF21624DF000AD1AB0;
			productRefGroup = 13BCEAB921624DF000AD1AB0 /* Products */;
			projectDirPath = "";
			projectRoot = "";
			targets = (
				13BCEAB721624DF000AD1AB0 /* xcodeproj03 */,
				13BCEACB21624DF100AD1AB0 /* xcodeproj03Tests */,
				13BCEAD621624DF100AD1AB0 /* xcodeproj03UITests */,
			);
		};
/* End PBXProject section */

/* Begin PBXResourcesBuildPhase section */
		13BCEAB621624DF000AD1AB0 /* Resources */ = {
			isa = PBXResourcesBuildPhase;
			buildActionMask = 2147483647;
			files = (
				13BCEAC621624DF100AD1AB0 /* LaunchScreen.storyboard in Resources */,
				13BCEAC321624DF100AD1AB0 /* Assets.xcassets in Resources */,
				13BCEAC121624DF000AD1AB0 /* Main.storyboard in Resources */,
			);
			runOnlyForDeploymentPostprocessing = 0;
		};
		13BCEACA21624DF100AD1AB0 /* Resources */ = {
			isa = PBXResourcesBuildPhase;
			buildActionMask = 2147483647;
			files = (
			);
			runOnlyForDeploymentPostprocessing = 0;
		};
		13BCEAD521624DF100AD1AB0 /* Resources */ = {
			isa = PBXResourcesBuildPhase;
			buildActionMask = 2147483647;
			files = (
			);
			runOnlyForDeploymentPostprocessing = 0;
		};
/* End PBXResourcesBuildPhase section */

/* Begin PBXSourcesBuildPhase section */
		13BCEAB421624DF000AD1AB0 /* Sources */ = {
			isa = PBXSourcesBuildPhase;
			buildActionMask = 2147483647;
			files = (
				13BCEABE21624DF000AD1AB0 /* ViewController.swift in Sources */,
				13BCEABC21624DF000AD1AB0 /* AppDelegate.swift in Sources */,
			);
			runOnlyForDeploymentPostprocessing = 0;
		};
		13BCEAC821624DF100AD1AB0 /* Sources */ = {
			isa = PBXSourcesBuildPhase;
			buildActionMask = 2147483647;
			files = (
				13BCEAD121624DF100AD1AB0 /* xcodeproj03Tests.swift in Sources */,
			);
			runOnlyForDeploymentPostprocessing = 0;
		};
		13BCEAD321624DF100AD1AB0 /* Sources */ = {
			isa = PBXSourcesBuildPhase;
			buildActionMask = 2147483647;
			files = (
				13BCEADC21624DF100AD1AB0 /* xcodeproj03UITests.swift in Sources */,
			);
			runOnlyForDeploymentPostprocessing = 0;
		};
/* End PBXSourcesBuildPhase section */

/* Begin PBXTargetDependency section */
		13BCEACE21624DF100AD1AB0 /* PBXTargetDependency */ = {
			isa = PBXTargetDependency;
			target = 13BCEAB721624DF000AD1AB0 /* xcodeproj03 */;
			targetProxy = 13BCEACD21624DF100AD1AB0 /* PBXContainerItemProxy */;
		};
		13BCEAD921624DF100AD1AB0 /* PBXTargetDependency */ = {
			isa = PBXTargetDependency;
			target = 13BCEAB721624DF000AD1AB0 /* xcodeproj03 */;
			targetProxy = 13BCEAD821624DF100AD1AB0 /* PBXContainerItemProxy */;
		};
/* End PBXTargetDependency section */

/* Begin PBXVariantGroup section */
		13BCEABF21624DF000AD1AB0 /* Main.storyboard */ = {
			isa = PBXVariantGroup;
			children = (
				13BCEAC021624DF000AD1AB0 /* Base */,
			);
			name = Main.storyboard;
			sourceTree = "<group>";
		};
		13BCEAC421624DF100AD1AB0 /* LaunchScreen.storyboard */ = {
			isa = PBXVariantGroup;
			children = (
				13BCEAC521624DF100AD1AB0 /* Base */,
			);
			name = LaunchScreen.storyboard;
			sourceTree = "<group>";
		};
/* End PBXVariantGroup section */

/* Begin XCBuildConfiguration section */
		13BCEADE21624DF100AD1AB0 /* Debug */ = {
			isa = XCBuildConfiguration;
			buildSettings = {
				ALWAYS_SEARCH_USER_PATHS = NO;
				CLANG_ANALYZER_NONNULL = YES;
				CLANG_ANALYZER_NUMBER_OBJECT_CONVERSION = YES_AGGRESSIVE;
				CLANG_CXX_LANGUAGE_STANDARD = "gnu++14";
				CLANG_CXX_LIBRARY = "libc++";
				CLANG_ENABLE_MODULES = YES;
				CLANG_ENABLE_OBJC_ARC = YES;
				CLANG_ENABLE_OBJC_WEAK = YES;
				CLANG_WARN_BLOCK_CAPTURE_AUTORELEASING = YES;
				CLANG_WARN_BOOL_CONVERSION = YES;
				CLANG_WARN_COMMA = YES;
				CLANG_WARN_CONSTANT_CONVERSION = YES;
				CLANG_WARN_DEPRECATED_OBJC_IMPLEMENTATIONS = YES;
				CLANG_WARN_DIRECT_OBJC_ISA_USAGE = YES_ERROR;
				CLANG_WARN_DOCUMENTATION_COMMENTS = YES;
				CLANG_WARN_EMPTY_BODY = YES;
				CLANG_WARN_ENUM_CONVERSION = YES;
				CLANG_WARN_INFINITE_RECURSION = YES;
				CLANG_WARN_INT_CONVERSION = YES;
				CLANG_WARN_NON_LITERAL_NULL_CONVERSION = YES;
				CLANG_WARN_OBJC_IMPLICIT_RETAIN_SELF = YES;
				CLANG_WARN_OBJC_LITERAL_CONVERSION = YES;
				CLANG_WARN_OBJC_ROOT_CLASS = YES_ERROR;
				CLANG_WARN_RANGE_LOOP_ANALYSIS = YES;
				CLANG_WARN_STRICT_PROTOTYPES = YES;
				CLANG_WARN_SUSPICIOUS_MOVE = YES;
				CLANG_WARN_UNGUARDED_AVAILABILITY = YES_AGGRESSIVE;
				CLANG_WARN_UNREACHABLE_CODE = YES;
				CLANG_WARN__DUPLICATE_METHOD_MATCH = YES;
				CODE_SIGN_IDENTITY = "iPhone Developer";
				COPY_PHASE_STRIP = NO;
				DEBUG_INFORMATION_FORMAT = dwarf;
				ENABLE_STRICT_OBJC_MSGSEND = YES;
				ENABLE_TESTABILITY = YES;
				GCC_C_LANGUAGE_STANDARD = gnu11;
				GCC_DYNAMIC_NO_PIC = NO;
				GCC_NO_COMMON_BLOCKS = YES;
				GCC_OPTIMIZATION_LEVEL = 0;
				GCC_PREPROCESSOR_DEFINITIONS = (
					"DEBUG=1",
					"$(inherited)",
				);
				GCC_WARN_64_TO_32_BIT_CONVERSION = YES;
				GCC_WARN_ABOUT_RETURN_TYPE = YES_ERROR;
				GCC_WARN_UNDECLARED_SELECTOR = YES;
				GCC_WARN_UNINITIALIZED_AUTOS = YES_AGGRESSIVE;
				GCC_WARN_UNUSED_FUNCTION = YES;
				GCC_WARN_UNUSED_VARIABLE = YES;
				IPHONEOS_DEPLOYMENT_TARGET = 11.4;
				MTL_ENABLE_DEBUG_INFO = YES;
				ONLY_ACTIVE_ARCH = YES;
				SDKROOT = iphoneos;
				SWIFT_ACTIVE_COMPILATION_CONDITIONS = DEBUG;
				SWIFT_OPTIMIZATION_LEVEL = "-Onone";
			};
			name = Debug;
		};
		13BCEADF21624DF100AD1AB0 /* Release */ = {
			isa = XCBuildConfiguration;
			buildSettings = {
				ALWAYS_SEARCH_USER_PATHS = NO;
				CLANG_ANALYZER_NONNULL = YES;
				CLANG_ANALYZER_NUMBER_OBJECT_CONVERSION = YES_AGGRESSIVE;
				CLANG_CXX_LANGUAGE_STANDARD = "gnu++14";
				CLANG_CXX_LIBRARY = "libc++";
				CLANG_ENABLE_MODULES = YES;
				CLANG_ENABLE_OBJC_ARC = YES;
				CLANG_ENABLE_OBJC_WEAK = YES;
				CLANG_WARN_BLOCK_CAPTURE_AUTORELEASING = YES;
				CLANG_WARN_BOOL_CONVERSION = YES;
				CLANG_WARN_COMMA = YES;
				CLANG_WARN_CONSTANT_CONVERSION = YES;
				CLANG_WARN_DEPRECATED_OBJC_IMPLEMENTATIONS = YES;
				CLANG_WARN_DIRECT_OBJC_ISA_USAGE = YES_ERROR;
				CLANG_WARN_DOCUMENTATION_COMMENTS = YES;
				CLANG_WARN_EMPTY_BODY = YES;
				CLANG_WARN_ENUM_CONVERSION = YES;
				CLANG_WARN_INFINITE_RECURSION = YES;
				CLANG_WARN_INT_CONVERSION = YES;
				CLANG_WARN_NON_LITERAL_NULL_CONVERSION = YES;
				CLANG_WARN_OBJC_IMPLICIT_RETAIN_SELF = YES;
				CLANG_WARN_OBJC_LITERAL_CONVERSION = YES;
				CLANG_WARN_OBJC_ROOT_CLASS = YES_ERROR;
				CLANG_WARN_RANGE_LOOP_ANALYSIS = YES;
				CLANG_WARN_STRICT_PROTOTYPES = YES;
				CLANG_WARN_SUSPICIOUS_MOVE = YES;
				CLANG_WARN_UNGUARDED_AVAILABILITY = YES_AGGRESSIVE;
				CLANG_WARN_UNREACHABLE_CODE = YES;
				CLANG_WARN__DUPLICATE_METHOD_MATCH = YES;
				CODE_SIGN_IDENTITY = "iPhone Developer";
				COPY_PHASE_STRIP = NO;
				DEBUG_INFORMATION_FORMAT = "dwarf-with-dsym";
				ENABLE_NS_ASSERTIONS = NO;
				ENABLE_STRICT_OBJC_MSGSEND = YES;
				GCC_C_LANGUAGE_STANDARD = gnu11;
				GCC_NO_COMMON_BLOCKS = YES;
				GCC_WARN_64_TO_32_BIT_CONVERSION = YES;
				GCC_WARN_ABOUT_RETURN_TYPE = YES_ERROR;
				GCC_WARN_UNDECLARED_SELECTOR = YES;
				GCC_WARN_UNINITIALIZED_AUTOS = YES_AGGRESSIVE;
				GCC_WARN_UNUSED_FUNCTION = YES;
				GCC_WARN_UNUSED_VARIABLE = YES;
				IPHONEOS_DEPLOYMENT_TARGET = 11.4;
				MTL_ENABLE_DEBUG_INFO = NO;
				SDKROOT = iphoneos;
				SWIFT_COMPILATION_MODE = wholemodule;
				SWIFT_OPTIMIZATION_LEVEL = "-O";
				VALIDATE_PRODUCT = YES;
			};
			name = Release;
		};
		13BCEAE121624DF100AD1AB0 /* Debug */ = {
			isa = XCBuildConfiguration;
			buildSettings = {
				ASSETCATALOG_COMPILER_APPICON_NAME = AppIcon;
				CODE_SIGN_STYLE = Automatic;
				INFOPLIST_FILE = xcodeproj03/Info.plist;
				LD_RUNPATH_SEARCH_PATHS = (
					"$(inherited)",
					"@executable_path/Frameworks",
				);
				PRODUCT_BUNDLE_IDENTIFIER = swift.xcodeproj03;
				PRODUCT_NAME = "$(TARGET_NAME)";
				SWIFT_VERSION = 4.0;
				TARGETED_DEVICE_FAMILY = "1,2";
			};
			name = Debug;
		};
		13BCEAE221624DF100AD1AB0 /* Release */ = {
			isa = XCBuildConfiguration;
			buildSettings = {
				ASSETCATALOG_COMPILER_APPICON_NAME = AppIcon;
				CODE_SIGN_STYLE = Automatic;
				INFOPLIST_FILE = xcodeproj03/Info.plist;
				LD_RUNPATH_SEARCH_PATHS = (
					"$(inherited)",
					"@executable_path/Frameworks",
				);
				PRODUCT_BUNDLE_IDENTIFIER = swift.xcodeproj03;
				PRODUCT_NAME = "$(TARGET_NAME)";
				SWIFT_VERSION = 4.0;
				TARGETED_DEVICE_FAMILY = "1,2";
			};
			name = Release;
		};
		13BCEAE421624DF100AD1AB0 /* Debug */ = {
			isa = XCBuildConfiguration;
			buildSettings = {
				ALWAYS_EMBED_SWIFT_STANDARD_LIBRARIES = YES;
				BUNDLE_LOADER = "$(TEST_HOST)";
				CODE_SIGN_STYLE = Automatic;
				INFOPLIST_FILE = xcodeproj03Tests/Info.plist;
				LD_RUNPATH_SEARCH_PATHS = (
					"$(inherited)",
					"@executable_path/Frameworks",
					"@loader_path/Frameworks",
				);
				PRODUCT_BUNDLE_IDENTIFIER = swift.xcodeproj03Tests;
				PRODUCT_NAME = "$(TARGET_NAME)";
				SWIFT_VERSION = 4.0;
				TARGETED_DEVICE_FAMILY = "1,2";
				TEST_HOST = "$(BUILT_PRODUCTS_DIR)/xcodeproj03.app/xcodeproj03";
			};
			name = Debug;
		};
		13BCEAE521624DF100AD1AB0 /* Release */ = {
			isa = XCBuildConfiguration;
			buildSettings = {
				ALWAYS_EMBED_SWIFT_STANDARD_LIBRARIES = YES;
				BUNDLE_LOADER = "$(TEST_HOST)";
				CODE_SIGN_STYLE = Automatic;
				INFOPLIST_FILE = xcodeproj03Tests/Info.plist;
				LD_RUNPATH_SEARCH_PATHS = (
					"$(inherited)",
					"@executable_path/Frameworks",
					"@loader_path/Frameworks",
				);
				PRODUCT_BUNDLE_IDENTIFIER = swift.xcodeproj03Tests;
				PRODUCT_NAME = "$(TARGET_NAME)";
				SWIFT_VERSION = 4.0;
				TARGETED_DEVICE_FAMILY = "1,2";
				TEST_HOST = "$(BUILT_PRODUCTS_DIR)/xcodeproj03.app/xcodeproj03";
			};
			name = Release;
		};
		13BCEAE721624DF100AD1AB0 /* Debug */ = {
			isa = XCBuildConfiguration;
			buildSettings = {
				ALWAYS_EMBED_SWIFT_STANDARD_LIBRARIES = YES;
				CODE_SIGN_STYLE = Automatic;
				INFOPLIST_FILE = xcodeproj03UITests/Info.plist;
				LD_RUNPATH_SEARCH_PATHS = (
					"$(inherited)",
					"@executable_path/Frameworks",
					"@loader_path/Frameworks",
				);
				PRODUCT_BUNDLE_IDENTIFIER = swift.xcodeproj03UITests;
				PRODUCT_NAME = "$(TARGET_NAME)";
				SWIFT_VERSION = 4.0;
				TARGETED_DEVICE_FAMILY = "1,2";
				TEST_TARGET_NAME = xcodeproj03;
			};
			name = Debug;
		};
		13BCEAE821624DF100AD1AB0 /* Release */ = {
			isa = XCBuildConfiguration;
			buildSettings = {
				ALWAYS_EMBED_SWIFT_STANDARD_LIBRARIES = YES;
				CODE_SIGN_STYLE = Automatic;
				INFOPLIST_FILE = xcodeproj03UITests/Info.plist;
				LD_RUNPATH_SEARCH_PATHS = (
					"$(inherited)",
					"@executable_path/Frameworks",
					"@loader_path/Frameworks",
				);
				PRODUCT_BUNDLE_IDENTIFIER = swift.xcodeproj03UITests;
				PRODUCT_NAME = "$(TARGET_NAME)";
				SWIFT_VERSION = 4.0;
				TARGETED_DEVICE_FAMILY = "1,2";
				TEST_TARGET_NAME = xcodeproj03;
			};
			name = Release;
		};
/* End XCBuildConfiguration section */

/* Begin XCConfigurationList section */
		13BCEAB321624DF000AD1AB0 /* Build configuration list for PBXProject "xcodeproj03" */ = {
			isa = XCConfigurationList;
			buildConfigurations = (
				13BCEADE21624DF100AD1AB0 /* Debug */,
				13BCEADF21624DF100AD1AB0 /* Release */,
			);
			defaultConfigurationIsVisible = 0;
			defaultConfigurationName = Release;
		};
		13BCEAE021624DF100AD1AB0 /* Build configuration list for PBXNativeTarget "xcodeproj03" */ = {
			isa = XCConfigurationList;
			buildConfigurations = (
				13BCEAE121624DF100AD1AB0 /* Debug */,
				13BCEAE221624DF100AD1AB0 /* Release */,
			);
			defaultConfigurationIsVisible = 0;
			defaultConfigurationName = Release;
		};
		13BCEAE321624DF100AD1AB0 /* Build configuration list for PBXNativeTarget "xcodeproj03Tests" */ = {
			isa = XCConfigurationList;
			buildConfigurations = (
				13BCEAE421624DF100AD1AB0 /* Debug */,
				13BCEAE521624DF100AD1AB0 /* Release */,
			);
			defaultConfigurationIsVisible = 0;
			defaultConfigurationName = Release;
		};
		13BCEAE621624DF100AD1AB0 /* Build configuration list for PBXNativeTarget "xcodeproj03UITests" */ = {
			isa = XCConfigurationList;
			buildConfigurations = (
				13BCEAE721624DF100AD1AB0 /* Debug */,
				13BCEAE821624DF100AD1AB0 /* Release */,
			);
			defaultConfigurationIsVisible = 0;
			defaultConfigurationName = Release;
		};
/* End XCConfigurationList section */
	};
	rootObject = 13BCEAB021624DF000AD1AB0 /* Project object */;
}
